
Microsoft Visual Studio Solution File, Format Version 12.00
# Visual Studio 15
VisualStudioVersion = 15.0.28307.329
MinimumVisualStudioVersion = 10.0.40219.1
Project("{FAE04EC0-301F-11D3-BF4B-00C04F79EFBC}") = "AdventOfCode", "AdventOfCode\AdventOfCode.csproj", "{A81BFA54-A528-4F10-98FE-0356B6014D43}"
EndProject
Global
	GlobalSection(SolutionConfigurationPlatforms) = preSolution
		Debug|Any CPU = Debug|Any CPU
		Release|Any CPU = Release|Any CPU
	EndGlobalSection
	GlobalSection(ProjectConfigurationPlatforms) = postSolution
		{A81BFA54-A528-4F10-98FE-0356B6014D43}.Debug|Any CPU.ActiveCfg = Debug|Any CPU
		{A81BFA54-A528-4F10-98FE-0356B6014D43}.Debug|Any CPU.Build.0 = Debug|Any CPU
		{A81BFA54-A528-4F10-98FE-0356B6014D43}.Release|Any CPU.ActiveCfg = Release|Any CPU
		{A81BFA54-A528-4F10-98FE-0356B6014D43}.Release|Any CPU.Build.0 = Release|Any CPU
	EndGlobalSection
	GlobalSection(SolutionProperties) = preSolution
		HideSolutionNode = FALSE
	EndGlobalSection
	GlobalSection(ExtensibilityGlobals) = postSolution
		SolutionGuid = {41F2864B-84E1-4137-8874-49D56FB0A8A5}
	EndGlobalSection
EndGlobal
